<?xml version="1.0" encoding="utf-8"?>
<Project ToolsVersion="4.0" xmlns="http://schemas.microsoft.com/developer/msbuild/2003">
  <ItemGroup>
    <ClCompile Include="Source\main.cpp" />
    <ClCompile Include="Source\qtemainwindow.cpp">
      <Filter>Source\Window</Filter>
    </ClCompile>
    <ClCompile Include="Source\moc_qte.cpp">
      <Filter>Interface</Filter>
    </ClCompile>
    <ClCompile Include="Source\evector.cpp">
      <Filter>Source\Core</Filter>
    </ClCompile>
    <ClCompile Include="Source\evector2.cpp">
      <Filter>Source\Core</Filter>
    </ClCompile>
    <ClCompile Include="Source\box.cpp">
      <Filter>Source\Core</Filter>
    </ClCompile>
    <ClCompile Include="Source\shader-api.cpp">
      <Filter>Source\Render</Filter>
    </ClCompile>
    <ClCompile Include="Source\ray.cpp">
      <Filter>Source\Core</Filter>
    </ClCompile>
    <ClCompile Include="Source\camera.cpp">
      <Filter>Source\Core</Filter>
    </ClCompile>
    <ClCompile Include="Source\mesh-widget.cpp">
      <Filter>Source\Render</Filter>
    </ClCompile>
    <ClCompile Include="Source\mesh.cpp">
      <Filter>Source\Core</Filter>
    </ClCompile>
    <ClCompile Include="Source\meshcolor.cpp">
      <Filter>Source\Core</Filter>
    </ClCompile>
    <ClCompile Include="Source\triangle.cpp">
      <Filter>Source\Core</Filter>
    </ClCompile>
    <ClCompile Include="Source\realtime-moc.cpp">
      <Filter>Interface</Filter>
    </ClCompile>
    <ClCompile Include="Source\op_union.cpp">
      <Filter>Source\SDF\Operators</Filter>
    </ClCompile>
    <ClCompile Include="Source\op_intersection.cpp">
      <Filter>Source\SDF\Operators</Filter>
    </ClCompile>
    <ClCompile Include="Source\op_difference.cpp">
      <Filter>Source\SDF\Operators</Filter>
    </ClCompile>
    <ClCompile Include="Source\op_smooth_union.cpp">
      <Filter>Source\SDF\Operators</Filter>
    </ClCompile>
    <ClCompile Include="Source\op_smooth_difference.cpp">
      <Filter>Source\SDF\Operators</Filter>
    </ClCompile>
    <ClCompile Include="Source\op_smooth_intersection.cpp">
      <Filter>Source\SDF\Operators</Filter>
    </ClCompile>
    <ClCompile Include="Source\operator.cpp">
      <Filter>Source\SDF</Filter>
    </ClCompile>
    <ClCompile Include="Source\sphere.cpp">
      <Filter>Source\SDF\Primitives</Filter>
    </ClCompile>
    <ClCompile Include="Source\boite.cpp">
      <Filter>Source\SDF\Primitives</Filter>
    </ClCompile>
    <ClCompile Include="Source\capsule.cpp">
      <Filter>Source\SDF\Primitives</Filter>
    </ClCompile>
    <ClCompile Include="Source\cone.cpp">
      <Filter>Source\SDF\Primitives</Filter>
    </ClCompile>
    <ClCompile Include="Source\ellipsoid.cpp">
      <Filter>Source\SDF\Primitives</Filter>
    </ClCompile>
    <ClCompile Include="Source\pyramid.cpp">
      <Filter>Source\SDF\Primitives</Filter>
    </ClCompile>
    <ClCompile Include="Source\torus.cpp">
      <Filter>Source\SDF\Primitives</Filter>
    </ClCompile>
    <ClCompile Include="Source\terrain.cpp">
      <Filter>Source\SDF\Primitives</Filter>
    </ClCompile>
    <ClCompile Include="Source\cube.cpp">
      <Filter>Source\Render</Filter>
    </ClCompile>
    <ClCompile Include="Source\mesh_reconstruction.cpp">
      <Filter>Source\Render</Filter>
    </ClCompile>
    <ClCompile Include="Source\triangulation.cpp">
      <Filter>Source\Render</Filter>
    </ClCompile>
    <ClCompile Include="Source\mat.cpp">
      <Filter>Source\Core</Filter>
    </ClCompile>
  </ItemGroup>
  <ItemGroup>
    <CustomBuild Include="Include\qte.h">
      <Filter>Include</Filter>
    </CustomBuild>
    <CustomBuild Include="UI\interface.ui">
      <Filter>Interface</Filter>
    </CustomBuild>
    <CustomBuild Include="Include\realtime.h" />
  </ItemGroup>
  <ItemGroup>
    <Filter Include="Include">
      <UniqueIdentifier>{9c53d45d-bc4a-46c0-ab3b-31ea552e8d5b}</UniqueIdentifier>
    </Filter>
    <Filter Include="Source">
      <UniqueIdentifier>{8461124c-2789-4807-a62f-6aa5707e7e58}</UniqueIdentifier>
    </Filter>
    <Filter Include="Source\Window">
      <UniqueIdentifier>{129e765c-0802-4e5d-b71c-6e2908ca26bf}</UniqueIdentifier>
    </Filter>
    <Filter Include="Interface">
      <UniqueIdentifier>{6f4ea5e2-9935-4bab-87f6-9f9dfd7e9926}</UniqueIdentifier>
    </Filter>
    <Filter Include="Source\Core">
      <UniqueIdentifier>{fe0f8b8c-8743-4831-b877-5b1497a72f92}</UniqueIdentifier>
    </Filter>
    <Filter Include="Source\Render">
      <UniqueIdentifier>{594b030a-3cac-4cf3-8289-6e3daf5dbc56}</UniqueIdentifier>
    </Filter>
    <Filter Include="Source\SDF">
      <UniqueIdentifier>{89c50e61-bd9b-4545-9072-c558e9cc2354}</UniqueIdentifier>
    </Filter>
    <Filter Include="Include\SDF">
      <UniqueIdentifier>{86e08a62-97c3-4050-bf81-94d470d05721}</UniqueIdentifier>
    </Filter>
    <Filter Include="Include\SDF\Operators">
      <UniqueIdentifier>{a3e5f1d8-3d00-4502-bdb7-d278154e7901}</UniqueIdentifier>
    </Filter>
    <Filter Include="Source\SDF\Operators">
      <UniqueIdentifier>{e305ad55-132a-41d3-8dac-b78322b36622}</UniqueIdentifier>
    </Filter>
    <Filter Include="Source\SDF\Primitives">
      <UniqueIdentifier>{9416732b-508a-48ac-b416-5c1f2ef8428f}</UniqueIdentifier>
    </Filter>
    <Filter Include="Include\SDF\Primitives">
      <UniqueIdentifier>{a8a45f52-b2b9-4655-abcd-e403adea3d2f}</UniqueIdentifier>
    </Filter>
    <Filter Include="Include\Mesh">
      <UniqueIdentifier>{183e4d70-9cb9-4fc1-aad0-d04e59dd42d8}</UniqueIdentifier>
    </Filter>
  </ItemGroup>
  <ItemGroup>
    <ClInclude Include="Include\evector.h">
      <Filter>Include</Filter>
    </ClInclude>
    <ClInclude Include="Include\box.h">
      <Filter>Include</Filter>
    </ClInclude>
    <ClInclude Include="Include\shader-api.h">
      <Filter>Include</Filter>
    </ClInclude>
    <ClInclude Include="Include\ray.h">
      <Filter>Include</Filter>
    </ClInclude>
    <ClInclude Include="Include\camera.h">
      <Filter>Include</Filter>
    </ClInclude>
    <ClInclude Include="Include\mesh.h">
      <Filter>Include</Filter>
    </ClInclude>
    <ClInclude Include="Include\meshcolor.h">
      <Filter>Include</Filter>
    </ClInclude>
    <ClInclude Include="Include\color.h">
      <Filter>Include</Filter>
    </ClInclude>
    <ClInclude Include="Include\mathematics.h">
      <Filter>Include</Filter>
    </ClInclude>
    <ClInclude Include="Include\op_difference.h">
      <Filter>Include\SDF\Operators</Filter>
    </ClInclude>
    <ClInclude Include="Include\op_intersection.h">
      <Filter>Include\SDF\Operators</Filter>
    </ClInclude>
    <ClInclude Include="Include\op_union.h">
      <Filter>Include\SDF\Operators</Filter>
    </ClInclude>
    <ClInclude Include="Include\op_smooth_union.h">
      <Filter>Include\SDF\Operators</Filter>
    </ClInclude>
    <ClInclude Include="Include\op_smooth_intersection.h">
      <Filter>Include\SDF\Operators</Filter>
    </ClInclude>
    <ClInclude Include="Include\op_smooth_difference.h">
      <Filter>Include\SDF\Operators</Filter>
    </ClInclude>
    <ClInclude Include="Include\node.h">
      <Filter>Include\SDF</Filter>
    </ClInclude>
    <ClInclude Include="Include\operator.h">
      <Filter>Include\SDF</Filter>
    </ClInclude>
    <ClInclude Include="Include\sphere.h">
      <Filter>Include\SDF\Primitives</Filter>
    </ClInclude>
    <ClInclude Include="Include\boite.h">
      <Filter>Include\SDF\Primitives</Filter>
    </ClInclude>
    <ClInclude Include="Include\torus.h">
      <Filter>Include\SDF\Primitives</Filter>
    </ClInclude>
    <ClInclude Include="Include\cone.h">
      <Filter>Include\SDF\Primitives</Filter>
    </ClInclude>
    <ClInclude Include="Include\capsule.h">
      <Filter>Include\SDF\Primitives</Filter>
    </ClInclude>
    <ClInclude Include="Include\ellipsoid.h">
      <Filter>Include\SDF\Primitives</Filter>
    </ClInclude>
    <ClInclude Include="Include\pyramid.h">
      <Filter>Include\SDF\Primitives</Filter>
    </ClInclude>
    <ClInclude Include="Include\terrain.h">
      <Filter>Include\SDF\Primitives</Filter>
    </ClInclude>
    <ClInclude Include="Include\cube.h">
      <Filter>Include\Mesh</Filter>
    </ClInclude>
    <ClInclude Include="Include\data_structs.h">
      <Filter>Include\Mesh</Filter>
    </ClInclude>
    <ClInclude Include="Include\triangulation.h">
      <Filter>Include\Mesh</Filter>
    </ClInclude>
    <ClInclude Include="Include\mesh_reconstruction.h">
      <Filter>Include\Mesh</Filter>
    </ClInclude>
    <ClInclude Include="Include\ui-interface.h">
      <Filter>Include</Filter>
    </ClInclude>
    <ClInclude Include="Include\op_smooth.h">
      <Filter>Include\SDF</Filter>
    </ClInclude>
    <ClInclude Include="Include\mat.h">
      <Filter>Include</Filter>
    </ClInclude>
  </ItemGroup>
</Project>